// !$*UTF8*$!
{
	archiveVersion = 1;
	classes = {
	};
	objectVersion = 46;
	objects = {

/* Begin PBXBuildFile section */
		B97EC8C21C53866900353070 /* AppDelegate.swift in Sources */ = {isa = PBXBuildFile; fileRef = B97EC8C11C53866900353070 /* AppDelegate.swift */; };
		B97EC8C41C53866900353070 /* ViewController.swift in Sources */ = {isa = PBXBuildFile; fileRef = B97EC8C31C53866900353070 /* ViewController.swift */; };
		B97EC8C71C53866900353070 /* Main.storyboard in Resources */ = {isa = PBXBuildFile; fileRef = B97EC8C51C53866900353070 /* Main.storyboard */; };
		B97EC8C91C53866900353070 /* Assets.xcassets in Resources */ = {isa = PBXBuildFile; fileRef = B97EC8C81C53866900353070 /* Assets.xcassets */; };
		B97EC8CC1C53866900353070 /* LaunchScreen.storyboard in Resources */ = {isa = PBXBuildFile; fileRef = B97EC8CA1C53866900353070 /* LaunchScreen.storyboard */; };
		B97EC8D71C53866A00353070 /* githubTestTests.swift in Sources */ = {isa = PBXBuildFile; fileRef = B97EC8D61C53866A00353070 /* githubTestTests.swift */; };
		B97EC8E21C53866A00353070 /* githubTestUITests.swift in Sources */ = {isa = PBXBuildFile; fileRef = B97EC8E11C53866A00353070 /* githubTestUITests.swift */; };
/* End PBXBuildFile section */

/* Begin PBXContainerItemProxy section */
		B97EC8D31C53866A00353070 /* PBXContainerItemProxy */ = {
			isa = PBXContainerItemProxy;
			containerPortal = B97EC8B61C53866900353070 /* Project object */;
			proxyType = 1;
			remoteGlobalIDString = B97EC8BD1C53866900353070;
			remoteInfo = githubTest;
		};
		B97EC8DE1C53866A00353070 /* PBXContainerItemProxy */ = {
			isa = PBXContainerItemProxy;
			containerPortal = B97EC8B61C53866900353070 /* Project object */;
			proxyType = 1;
			remoteGlobalIDString = B97EC8BD1C53866900353070;
			remoteInfo = githubTest;
		};
/* End PBXContainerItemProxy section */

/* Begin PBXFileReference section */
		B97EC8BE1C53866900353070 /* githubTest.app */ = {isa = PBXFileReference; explicitFileType = wrapper.application; includeInIndex = 0; path = githubTest.app; sourceTree = BUILT_PRODUCTS_DIR; };
		B97EC8C11C53866900353070 /* AppDelegate.swift */ = {isa = PBXFileReference; lastKnownFileType = sourcecode.swift; path = AppDelegate.swift; sourceTree = "<group>"; };
		B97EC8C31C53866900353070 /* ViewController.swift */ = {isa = PBXFileReference; lastKnownFileType = sourcecode.swift; path = ViewController.swift; sourceTree = "<group>"; };
		B97EC8C61C53866900353070 /* Base */ = {isa = PBXFileReference; lastKnownFileType = file.storyboard; name = Base; path = Base.lproj/Main.storyboard; sourceTree = "<group>"; };
		B97EC8C81C53866900353070 /* Assets.xcassets */ = {isa = PBXFileReference; lastKnownFileType = folder.assetcatalog; path = Assets.xcassets; sourceTree = "<group>"; };
		B97EC8CB1C53866900353070 /* Base */ = {isa = PBXFileReference; lastKnownFileType = file.storyboard; name = Base; path = Base.lproj/LaunchScreen.storyboard; sourceTree = "<group>"; };
		B97EC8CD1C53866900353070 /* Info.plist */ = {isa = PBXFileReference; lastKnownFileType = text.plist.xml; path = Info.plist; sourceTree = "<group>"; };
		B97EC8D21C53866A00353070 /* githubTestTests.xctest */ = {isa = PBXFileReference; explicitFileType = wrapper.cfbundle; includeInIndex = 0; path = githubTestTests.xctest; sourceTree = BUILT_PRODUCTS_DIR; };
		B97EC8D61C53866A00353070 /* githubTestTests.swift */ = {isa = PBXFileReference; lastKnownFileType = sourcecode.swift; path = githubTestTests.swift; sourceTree = "<group>"; };
		B97EC8D81C53866A00353070 /* Info.plist */ = {isa = PBXFileReference; lastKnownFileType = text.plist.xml; path = Info.plist; sourceTree = "<group>"; };
		B97EC8DD1C53866A00353070 /* githubTestUITests.xctest */ = {isa = PBXFileReference; explicitFileType = wrapper.cfbundle; includeInIndex = 0; path = githubTestUITests.xctest; sourceTree = BUILT_PRODUCTS_DIR; };
		B97EC8E11C53866A00353070 /* githubTestUITests.swift */ = {isa = PBXFileReference; lastKnownFileType = sourcecode.swift; path = githubTestUITests.swift; sourceTree = "<group>"; };
		B97EC8E31C53866A00353070 /* Info.plist */ = {isa = PBXFileReference; lastKnownFileType = text.plist.xml; path = Info.plist; sourceTree = "<group>"; };
/* End PBXFileReference section */

/* Begin PBXFrameworksBuildPhase section */
		B97EC8BB1C53866900353070 /* Frameworks */ = {
			isa = PBXFrameworksBuildPhase;
			buildActionMask = 2147483647;
			files = (
			);
			runOnlyForDeploymentPostprocessing = 0;
		};
		B97EC8CF1C53866A00353070 /* Frameworks */ = {
			isa = PBXFrameworksBuildPhase;
			buildActionMask = 2147483647;
			files = (
			);
			runOnlyForDeploymentPostprocessing = 0;
		};
		B97EC8DA1C53866A00353070 /* Frameworks */ = {
			isa = PBXFrameworksBuildPhase;
			buildActionMask = 2147483647;
			files = (
			);
			runOnlyForDeploymentPostprocessing = 0;
		};
/* End PBXFrameworksBuildPhase section */

/* Begin PBXGroup section */
		B97EC8B51C53866900353070 = {
			isa = PBXGroup;
			children = (
				B97EC8C01C53866900353070 /* githubTest */,
				B97EC8D51C53866A00353070 /* githubTestTests */,
				B97EC8E01C53866A00353070 /* githubTestUITests */,
				B97EC8BF1C53866900353070 /* Products */,
			);
			sourceTree = "<group>";
		};
		B97EC8BF1C53866900353070 /* Products */ = {
			isa = PBXGroup;
			children = (
				B97EC8BE1C53866900353070 /* githubTest.app */,
				B97EC8D21C53866A00353070 /* githubTestTests.xctest */,
				B97EC8DD1C53866A00353070 /* githubTestUITests.xctest */,
			);
			name = Products;
			sourceTree = "<group>";
		};
		B97EC8C01C53866900353070 /* githubTest */ = {
			isa = PBXGroup;
			children = (
				B97EC8C11C53866900353070 /* AppDelegate.swift */,
				B97EC8C31C53866900353070 /* ViewController.swift */,
				B97EC8C51C53866900353070 /* Main.storyboard */,
				B97EC8C81C53866900353070 /* Assets.xcassets */,
				B97EC8CA1C53866900353070 /* LaunchScreen.storyboard */,
				B97EC8CD1C53866900353070 /* Info.plist */,
			);
			path = githubTest;
			sourceTree = "<group>";
		};
		B97EC8D51C53866A00353070 /* githubTestTests */ = {
			isa = PBXGroup;
			children = (
				B97EC8D61C53866A00353070 /* githubTestTests.swift */,
				B97EC8D81C53866A00353070 /* Info.plist */,
			);
			path = githubTestTests;
			sourceTree = "<group>";
		};
		B97EC8E01C53866A00353070 /* githubTestUITests */ = {
			isa = PBXGroup;
			children = (
				B97EC8E11C53866A00353070 /* githubTestUITests.swift */,
				B97EC8E31C53866A00353070 /* Info.plist */,
			);
			path = githubTestUITests;
			sourceTree = "<group>";
		};
/* End PBXGroup section */

/* Begin PBXNativeTarget section */
		B97EC8BD1C53866900353070 /* githubTest */ = {
			isa = PBXNativeTarget;
			buildConfigurationList = B97EC8E61C53866A00353070 /* Build configuration list for PBXNativeTarget "githubTest" */;
			buildPhases = (
				B97EC8BA1C53866900353070 /* Sources */,
				B97EC8BB1C53866900353070 /* Frameworks */,
				B97EC8BC1C53866900353070 /* Resources */,
			);
			buildRules = (
			);
			dependencies = (
			);
			name = githubTest;
			productName = githubTest;
			productReference = B97EC8BE1C53866900353070 /* githubTest.app */;
			productType = "com.apple.product-type.application";
		};
		B97EC8D11C53866A00353070 /* githubTestTests */ = {
			isa = PBXNativeTarget;
			buildConfigurationList = B97EC8E91C53866A00353070 /* Build configuration list for PBXNativeTarget "githubTestTests" */;
			buildPhases = (
				B97EC8CE1C53866A00353070 /* Sources */,
				B97EC8CF1C53866A00353070 /* Frameworks */,
				B97EC8D01C53866A00353070 /* Resources */,
			);
			buildRules = (
			);
			dependencies = (
				B97EC8D41C53866A00353070 /* PBXTargetDependency */,
			);
			name = githubTestTests;
			productName = githubTestTests;
			productReference = B97EC8D21C53866A00353070 /* githubTestTests.xctest */;
			productType = "com.apple.product-type.bundle.unit-test";
		};
		B97EC8DC1C53866A00353070 /* githubTestUITests */ = {
			isa = PBXNativeTarget;
			buildConfigurationList = B97EC8EC1C53866A00353070 /* Build configuration list for PBXNativeTarget "githubTestUITests" */;
			buildPhases = (
				B97EC8D91C53866A00353070 /* Sources */,
				B97EC8DA1C53866A00353070 /* Frameworks */,
				B97EC8DB1C53866A00353070 /* Resources */,
			);
			buildRules = (
			);
			dependencies = (
				B97EC8DF1C53866A00353070 /* PBXTargetDependency */,
			);
			name = githubTestUITests;
			productName = githubTestUITests;
			productReference = B97EC8DD1C53866A00353070 /* githubTestUITests.xctest */;
			productType = "com.apple.product-type.bundle.ui-testing";
		};
/* End PBXNativeTarget section */

/* Begin PBXProject section */
		B97EC8B61C53866900353070 /* Project object */ = {
			isa = PBXProject;
			attributes = {
				LastSwiftUpdateCheck = 0720;
				LastUpgradeCheck = 0720;
				ORGANIZATIONNAME = reznov;
				TargetAttributes = {
					B97EC8BD1C53866900353070 = {
						CreatedOnToolsVersion = 7.2;
						DevelopmentTeam = TX726U6SJD;
					};
					B97EC8D11C53866A00353070 = {
						CreatedOnToolsVersion = 7.2;
						DevelopmentTeam = TX726U6SJD;
						TestTargetID = B97EC8BD1C53866900353070;
					};
					B97EC8DC1C53866A00353070 = {
						CreatedOnToolsVersion = 7.2;
						DevelopmentTeam = TX726U6SJD;
						TestTargetID = B97EC8BD1C53866900353070;
					};
				};
			};
			buildConfigurationList = B97EC8B91C53866900353070 /* Build configuration list for PBXProject "githubTest" */;
			compatibilityVersion = "Xcode 3.2";
			developmentRegion = English;
			hasScannedForEncodings = 0;
			knownRegions = (
				en,
				Base,
			);
			mainGroup = B97EC8B51C53866900353070;
			productRefGroup = B97EC8BF1C53866900353070 /* Products */;
			projectDirPath = "";
			projectRoot = "";
			targets = (
				B97EC8BD1C53866900353070 /* githubTest */,
				B97EC8D11C53866A00353070 /* githubTestTests */,
				B97EC8DC1C53866A00353070 /* githubTestUITests */,
			);
		};
/* End PBXProject section */

/* Begin PBXResourcesBuildPhase section */
		B97EC8BC1C53866900353070 /* Resources */ = {
			isa = PBXResourcesBuildPhase;
			buildActionMask = 2147483647;
			files = (
				B97EC8CC1C53866900353070 /* LaunchScreen.storyboard in Resources */,
				B97EC8C91C53866900353070 /* Assets.xcassets in Resources */,
				B97EC8C71C53866900353070 /* Main.storyboard in Resources */,
			);
			runOnlyForDeploymentPostprocessing = 0;
		};
		B97EC8D01C53866A00353070 /* Resources */ = {
			isa = PBXResourcesBuildPhase;
			buildActionMask = 2147483647;
			files = (
			);
			runOnlyForDeploymentPostprocessing = 0;
		};
		B97EC8DB1C53866A00353070 /* Resources */ = {
			isa = PBXResourcesBuildPhase;
			buildActionMask = 2147483647;
			files = (
			);
			runOnlyForDeploymentPostprocessing = 0;
		};
/* End PBXResourcesBuildPhase section */

/* Begin PBXSourcesBuildPhase section */
		B97EC8BA1C53866900353070 /* Sources */ = {
			isa = PBXSourcesBuildPhase;
			buildActionMask = 2147483647;
			files = (
				B97EC8C41C53866900353070 /* ViewController.swift in Sources */,
				B97EC8C21C53866900353070 /* AppDelegate.swift in Sources */,
			);
			runOnlyForDeploymentPostprocessing = 0;
		};
		B97EC8CE1C53866A00353070 /* Sources */ = {
			isa = PBXSourcesBuildPhase;
			buildActionMask = 2147483647;
			files = (
				B97EC8D71C53866A00353070 /* githubTestTests.swift in Sources */,
			);
			runOnlyForDeploymentPostprocessing = 0;
		};
		B97EC8D91C53866A00353070 /* Sources */ = {
			isa = PBXSourcesBuildPhase;
			buildActionMask = 2147483647;
			files = (
				B97EC8E21C53866A00353070 /* githubTestUITests.swift in Sources */,
			);
			runOnlyForDeploymentPostprocessing = 0;
		};
/* End PBXSourcesBuildPhase section */

/* Begin PBXTargetDependency section */
		B97EC8D41C53866A00353070 /* PBXTargetDependency */ = {
			isa = PBXTargetDependency;
			target = B97EC8BD1C53866900353070 /* githubTest */;
			targetProxy = B97EC8D31C53866A00353070 /* PBXContainerItemProxy */;
		};
		B97EC8DF1C53866A00353070 /* PBXTargetDependency */ = {
			isa = PBXTargetDependency;
			target = B97EC8BD1C53866900353070 /* githubTest */;
			targetProxy = B97EC8DE1C53866A00353070 /* PBXContainerItemProxy */;
		};
/* End PBXTargetDependency section */

/* Begin PBXVariantGroup section */
		B97EC8C51C53866900353070 /* Main.storyboard */ = {
			isa = PBXVariantGroup;
			children = (
				B97EC8C61C53866900353070 /* Base */,
			);
			name = Main.storyboard;
			sourceTree = "<group>";
		};
		B97EC8CA1C53866900353070 /* LaunchScreen.storyboard */ = {
			isa = PBXVariantGroup;
			children = (
				B97EC8CB1C53866900353070 /* Base */,
			);
			name = LaunchScreen.storyboard;
			sourceTree = "<group>";
		};
/* End PBXVariantGroup section */

/* Begin XCBuildConfiguration section */
		B97EC8E41C53866A00353070 /* Debug */ = {
			isa = XCBuildConfiguration;
			buildSettings = {
				ALWAYS_SEARCH_USER_PATHS = NO;
				CLANG_CXX_LANGUAGE_STANDARD = "gnu++0x";
				CLANG_CXX_LIBRARY = "libc++";
				CLANG_ENABLE_MODULES = YES;
				CLANG_ENABLE_OBJC_ARC = YES;
				CLANG_WARN_BOOL_CONVERSION = YES;
				CLANG_WARN_CONSTANT_CONVERSION = YES;
				CLANG_WARN_DIRECT_OBJC_ISA_USAGE = YES_ERROR;
				CLANG_WARN_EMPTY_BODY = YES;
				CLANG_WARN_ENUM_CONVERSION = YES;
				CLANG_WARN_INT_CONVERSION = YES;
				CLANG_WARN_OBJC_ROOT_CLASS = YES_ERROR;
				CLANG_WARN_UNREACHABLE_CODE = YES;
				CLANG_WARN__DUPLICATE_METHOD_MATCH = YES;
				"CODE_SIGN_IDENTITY[sdk=iphoneos*]" = "iPhone Developer";
				COPY_PHASE_STRIP = NO;
				DEBUG_INFORMATION_FORMAT = dwarf;
				ENABLE_STRICT_OBJC_MSGSEND = YES;
				ENABLE_TESTABILITY = YES;
				GCC_C_LANGUAGE_STANDARD = gnu99;
				GCC_DYNAMIC_NO_PIC = NO;
				GCC_NO_COMMON_BLOCKS = YES;
				GCC_OPTIMIZATION_LEVEL = 0;
				GCC_PREPROCESSOR_DEFINITIONS = (
					"DEBUG=1",
					"$(inherited)",
				);
				GCC_WARN_64_TO_32_BIT_CONVERSION = YES;
				GCC_WARN_ABOUT_RETURN_TYPE = YES_ERROR;
				GCC_WARN_UNDECLARED_SELECTOR = YES;
				GCC_WARN_UNINITIALIZED_AUTOS = YES_AGGRESSIVE;
				GCC_WARN_UNUSED_FUNCTION = YES;
				GCC_WARN_UNUSED_VARIABLE = YES;
				IPHONEOS_DEPLOYMENT_TARGET = 9.2;
				MTL_ENABLE_DEBUG_INFO = YES;
				ONLY_ACTIVE_ARCH = YES;
				SDKROOT = iphoneos;
				SWIFT_OPTIMIZATION_LEVEL = "-Onone";
			};
			name = Debug;
		};
		B97EC8E51C53866A00353070 /* Release */ = {
			isa = XCBuildConfiguration;
			buildSettings = {
				ALWAYS_SEARCH_USER_PATHS = NO;
				CLANG_CXX_LANGUAGE_STANDARD = "gnu++0x";
				CLANG_CXX_LIBRARY = "libc++";
				CLANG_ENABLE_MODULES = YES;
				CLANG_ENABLE_OBJC_ARC = YES;
				CLANG_WARN_BOOL_CONVERSION = YES;
				CLANG_WARN_CONSTANT_CONVERSION = YES;
				CLANG_WARN_DIRECT_OBJC_ISA_USAGE = YES_ERROR;
				CLANG_WARN_EMPTY_BODY = YES;
				CLANG_WARN_ENUM_CONVERSION = YES;
				CLANG_WARN_INT_CONVERSION = YES;
				CLANG_WARN_OBJC_ROOT_CLASS = YES_ERROR;
				CLANG_WARN_UNREACHABLE_CODE = YES;
				CLANG_WARN__DUPLICATE_METHOD_MATCH = YES;
				"CODE_SIGN_IDENTITY[sdk=iphoneos*]" = "iPhone Developer";
				COPY_PHASE_STRIP = NO;
				DEBUG_INFORMATION_FORMAT = "dwarf-with-dsym";
				ENABLE_NS_ASSERTIONS = NO;
				ENABLE_STRICT_OBJC_MSGSEND = YES;
				GCC_C_LANGUAGE_STANDARD = gnu99;
				GCC_NO_COMMON_BLOCKS = YES;
				GCC_WARN_64_TO_32_BIT_CONVERSION = YES;
				GCC_WARN_ABOUT_RETURN_TYPE = YES_ERROR;
				GCC_WARN_UNDECLARED_SELECTOR = YES;
				GCC_WARN_UNINITIALIZED_AUTOS = YES_AGGRESSIVE;
				GCC_WARN_UNUSED_FUNCTION = YES;
				GCC_WARN_UNUSED_VARIABLE = YES;
				IPHONEOS_DEPLOYMENT_TARGET = 9.2;
				MTL_ENABLE_DEBUG_INFO = NO;
				SDKROOT = iphoneos;
				VALIDATE_PRODUCT = YES;
			};
			name = Release;
		};
		B97EC8E71C53866A00353070 /* Debug */ = {
			isa = XCBuildConfiguration;
			buildSettings = {
				ASSETCATALOG_COMPILER_APPICON_NAME = AppIcon;
				INFOPLIST_FILE = githubTest/Info.plist;
				LD_RUNPATH_SEARCH_PATHS = "$(inherited) @executable_path/Frameworks";
				PRODUCT_BUNDLE_IDENTIFIER = cn.treedom.githubTest;
				PRODUCT_NAME = "$(TARGET_NAME)";
			};
			name = Debug;
		};
		B97EC8E81C53866A00353070 /* Release */ = {
			isa = XCBuildConfiguration;
			buildSettings = {
				ASSETCATALOG_COMPILER_APPICON_NAME = AppIcon;
				INFOPLIST_FILE = githubTest/Info.plist;
				LD_RUNPATH_SEARCH_PATHS = "$(inherited) @executable_path/Frameworks";
				PRODUCT_BUNDLE_IDENTIFIER = cn.treedom.githubTest;
				PRODUCT_NAME = "$(TARGET_NAME)";
			};
			name = Release;
		};
		B97EC8EA1C53866A00353070 /* Debug */ = {
			isa = XCBuildConfiguration;
			buildSettings = {
				BUNDLE_LOADER = "$(TEST_HOST)";
				INFOPLIST_FILE = githubTestTests/Info.plist;
				LD_RUNPATH_SEARCH_PATHS = "$(inherited) @executable_path/Frameworks @loader_path/Frameworks";
				PRODUCT_BUNDLE_IDENTIFIER = cn.treedom.githubTestTests;
				PRODUCT_NAME = "$(TARGET_NAME)";
				TEST_HOST = "$(BUILT_PRODUCTS_DIR)/githubTest.app/githubTest";
			};
			name = Debug;
		};
		B97EC8EB1C53866A00353070 /* Release */ = {
			isa = XCBuildConfiguration;
			buildSettings = {
				BUNDLE_LOADER = "$(TEST_HOST)";
				INFOPLIST_FILE = githubTestTests/Info.plist;
				LD_RUNPATH_SEARCH_PATHS = "$(inherited) @executable_path/Frameworks @loader_path/Frameworks";
				PRODUCT_BUNDLE_IDENTIFIER = cn.treedom.githubTestTests;
				PRODUCT_NAME = "$(TARGET_NAME)";
				TEST_HOST = "$(BUILT_PRODUCTS_DIR)/githubTest.app/githubTest";
			};
			name = Release;
		};
		B97EC8ED1C53866A00353070 /* Debug */ = {
			isa = XCBuildConfiguration;
			buildSettings = {
				INFOPLIST_FILE = githubTestUITests/Info.plist;
				LD_RUNPATH_SEARCH_PATHS = "$(inherited) @executable_path/Frameworks @loader_path/Frameworks";
				PRODUCT_BUNDLE_IDENTIFIER = cn.treedom.githubTestUITests;
				PRODUCT_NAME = "$(TARGET_NAME)";
				TEST_TARGET_NAME = githubTest;
				USES_XCTRUNNER = YES;
			};
			name = Debug;
		};
		B97EC8EE1C53866A00353070 /* Release */ = {
			isa = XCBuildConfiguration;
			buildSettings = {
				INFOPLIST_FILE = githubTestUITests/Info.plist;
				LD_RUNPATH_SEARCH_PATHS = "$(inherited) @executable_path/Frameworks @loader_path/Frameworks";
				PRODUCT_BUNDLE_IDENTIFIER = cn.treedom.githubTestUITests;
				PRODUCT_NAME = "$(TARGET_NAME)";
				TEST_TARGET_NAME = githubTest;
				USES_XCTRUNNER = YES;
			};
			name = Release;
		};
/* End XCBuildConfiguration section */

/* Begin XCConfigurationList section */
		B97EC8B91C53866900353070 /* Build configuration list for PBXProject "githubTest" */ = {
			isa = XCConfigurationList;
			buildConfigurations = (
				B97EC8E41C53866A00353070 /* Debug */,
				B97EC8E51C53866A00353070 /* Release */,
			);
			defaultConfigurationIsVisible = 0;
			defaultConfigurationName = Release;
		};
		B97EC8E61C53866A00353070 /* Build configuration list for PBXNativeTarget "githubTest" */ = {
			isa = XCConfigurationList;
			buildConfigurations = (
				B97EC8E71C53866A00353070 /* Debug */,
				B97EC8E81C53866A00353070 /* Release */,
			);
			defaultConfigurationIsVisible = 0;
		};
		B97EC8E91C53866A00353070 /* Build configuration list for PBXNativeTarget "githubTestTests" */ = {
			isa = XCConfigurationList;
			buildConfigurations = (
				B97EC8EA1C53866A00353070 /* Debug */,
				B97EC8EB1C53866A00353070 /* Release */,
			);
			defaultConfigurationIsVisible = 0;
		};
		B97EC8EC1C53866A00353070 /* Build configuration list for PBXNativeTarget "githubTestUITests" */ = {
			isa = XCConfigurationList;
			buildConfigurations = (
				B97EC8ED1C53866A00353070 /* Debug */,
				B97EC8EE1C53866A00353070 /* Release */,
			);
			defaultConfigurationIsVisible = 0;
		};
/* End XCConfigurationList section */
	};
	rootObject = B97EC8B61C53866900353070 /* Project object */;
}
